
Microsoft Visual Studio Solution File, Format Version 12.00
# Visual Studio 15
VisualStudioVersion = 15.0.27130.2003
MinimumVisualStudioVersion = 10.0.40219.1
Project("{FAE04EC0-301F-11D3-BF4B-00C04F79EFBC}") = "BPCoordinator", "BPCoordinator\BPCoordinator.csproj", "{94868078-02D8-4D09-A543-9E9806FD8FF0}"
EndProject
Project("{FAE04EC0-301F-11D3-BF4B-00C04F79EFBC}") = "BPWorker", "BPWorker\BPWorker.csproj", "{DD32FEB4-A04A-425F-B9F2-D457C23B6EB0}"
EndProject
Project("{FAE04EC0-301F-11D3-BF4B-00C04F79EFBC}") = "BPShared", "BPShared\BPShared.csproj", "{7219CBD3-20BF-42DE-9389-EC89D26960DF}"
EndProject
Global
	GlobalSection(SolutionConfigurationPlatforms) = preSolution
		Debug|Any CPU = Debug|Any CPU
		Release|Any CPU = Release|Any CPU
	EndGlobalSection
	GlobalSection(ProjectConfigurationPlatforms) = postSolution
		{94868078-02D8-4D09-A543-9E9806FD8FF0}.Debug|Any CPU.ActiveCfg = Debug|Any CPU
		{94868078-02D8-4D09-A543-9E9806FD8FF0}.Debug|Any CPU.Build.0 = Debug|Any CPU
		{94868078-02D8-4D09-A543-9E9806FD8FF0}.Release|Any CPU.ActiveCfg = Release|Any CPU
		{94868078-02D8-4D09-A543-9E9806FD8FF0}.Release|Any CPU.Build.0 = Release|Any CPU
		{DD32FEB4-A04A-425F-B9F2-D457C23B6EB0}.Debug|Any CPU.ActiveCfg = Debug|Any CPU
		{DD32FEB4-A04A-425F-B9F2-D457C23B6EB0}.Debug|Any CPU.Build.0 = Debug|Any CPU
		{DD32FEB4-A04A-425F-B9F2-D457C23B6EB0}.Release|Any CPU.ActiveCfg = Release|Any CPU
		{DD32FEB4-A04A-425F-B9F2-D457C23B6EB0}.Release|Any CPU.Build.0 = Release|Any CPU
		{7219CBD3-20BF-42DE-9389-EC89D26960DF}.Debug|Any CPU.ActiveCfg = Debug|Any CPU
		{7219CBD3-20BF-42DE-9389-EC89D26960DF}.Debug|Any CPU.Build.0 = Debug|Any CPU
		{7219CBD3-20BF-42DE-9389-EC89D26960DF}.Release|Any CPU.ActiveCfg = Release|Any CPU
		{7219CBD3-20BF-42DE-9389-EC89D26960DF}.Release|Any CPU.Build.0 = Release|Any CPU
	EndGlobalSection
	GlobalSection(SolutionProperties) = preSolution
		HideSolutionNode = FALSE
	EndGlobalSection
	GlobalSection(ExtensibilityGlobals) = postSolution
		SolutionGuid = {0933E6AB-C0FC-4999-BB9D-5C695122012E}
	EndGlobalSection
EndGlobal
